
Microsoft Visual Studio Solution File, Format Version 12.00
# Visual Studio 14
VisualStudioVersion = 14.0.23107.0
MinimumVisualStudioVersion = 10.0.40219.1
Project("{FAE04EC0-301F-11D3-BF4B-00C04F79EFBC}") = "Demo1_Xamarin_BlocNotas2016.Droid", "Demo1_Xamarin_BlocNotas2016\Demo1_Xamarin_BlocNotas2016.Droid\Demo1_Xamarin_BlocNotas2016.Droid.csproj", "{E6637B51-3590-41F6-B42F-052B61FD0D58}"
EndProject
Project("{FAE04EC0-301F-11D3-BF4B-00C04F79EFBC}") = "Demo1_Xamarin_BlocNotas2016.iOS", "Demo1_Xamarin_BlocNotas2016\Demo1_Xamarin_BlocNotas2016.iOS\Demo1_Xamarin_BlocNotas2016.iOS.csproj", "{CD41B456-ABD7-4C20-AB08-E4B18F13E5CF}"
EndProject
Project("{FAE04EC0-301F-11D3-BF4B-00C04F79EFBC}") = "Demo1_Xamarin_BlocNotas2016.WinPhone", "Demo1_Xamarin_BlocNotas2016\Demo1_Xamarin_BlocNotas2016.WinPhone\Demo1_Xamarin_BlocNotas2016.WinPhone.csproj", "{F517C4FE-E1E9-4771-92D8-E4383DBEC45C}"
EndProject
Project("{FAE04EC0-301F-11D3-BF4B-00C04F79EFBC}") = "Demo1_Xamarin_BlocNotas2016", "Demo1_Xamarin_BlocNotas2016\Demo1_Xamarin_BlocNotas2016\Demo1_Xamarin_BlocNotas2016.csproj", "{F5FE59CD-10C2-48D7-B5D5-8EE1B000BC38}"
EndProject
Project("{FAE04EC0-301F-11D3-BF4B-00C04F79EFBC}") = "MvvmLibrary", "MvvmLibrary\MvvmLibrary.csproj", "{5E9DAA0B-7174-4877-B2BB-0C37C746C336}"
EndProject
Global
	GlobalSection(SolutionConfigurationPlatforms) = preSolution
		Ad-Hoc|Any CPU = Ad-Hoc|Any CPU
		Ad-Hoc|ARM = Ad-Hoc|ARM
		Ad-Hoc|iPhone = Ad-Hoc|iPhone
		Ad-Hoc|iPhoneSimulator = Ad-Hoc|iPhoneSimulator
		Ad-Hoc|x86 = Ad-Hoc|x86
		AppStore|Any CPU = AppStore|Any CPU
		AppStore|ARM = AppStore|ARM
		AppStore|iPhone = AppStore|iPhone
		AppStore|iPhoneSimulator = AppStore|iPhoneSimulator
		AppStore|x86 = AppStore|x86
		Debug|Any CPU = Debug|Any CPU
		Debug|ARM = Debug|ARM
		Debug|iPhone = Debug|iPhone
		Debug|iPhoneSimulator = Debug|iPhoneSimulator
		Debug|x86 = Debug|x86
		Release|Any CPU = Release|Any CPU
		Release|ARM = Release|ARM
		Release|iPhone = Release|iPhone
		Release|iPhoneSimulator = Release|iPhoneSimulator
		Release|x86 = Release|x86
	EndGlobalSection
	GlobalSection(ProjectConfigurationPlatforms) = postSolution
		{E6637B51-3590-41F6-B42F-052B61FD0D58}.Ad-Hoc|Any CPU.ActiveCfg = Release|Any CPU
		{E6637B51-3590-41F6-B42F-052B61FD0D58}.Ad-Hoc|Any CPU.Build.0 = Release|Any CPU
		{E6637B51-3590-41F6-B42F-052B61FD0D58}.Ad-Hoc|Any CPU.Deploy.0 = Release|Any CPU
		{E6637B51-3590-41F6-B42F-052B61FD0D58}.Ad-Hoc|ARM.ActiveCfg = Release|Any CPU
		{E6637B51-3590-41F6-B42F-052B61FD0D58}.Ad-Hoc|ARM.Build.0 = Release|Any CPU
		{E6637B51-3590-41F6-B42F-052B61FD0D58}.Ad-Hoc|ARM.Deploy.0 = Release|Any CPU
		{E6637B51-3590-41F6-B42F-052B61FD0D58}.Ad-Hoc|iPhone.ActiveCfg = Release|Any CPU
		{E6637B51-3590-41F6-B42F-052B61FD0D58}.Ad-Hoc|iPhone.Build.0 = Release|Any CPU
		{E6637B51-3590-41F6-B42F-052B61FD0D58}.Ad-Hoc|iPhone.Deploy.0 = Release|Any CPU
		{E6637B51-3590-41F6-B42F-052B61FD0D58}.Ad-Hoc|iPhoneSimulator.ActiveCfg = Release|Any CPU
		{E6637B51-3590-41F6-B42F-052B61FD0D58}.Ad-Hoc|iPhoneSimulator.Build.0 = Release|Any CPU
		{E6637B51-3590-41F6-B42F-052B61FD0D58}.Ad-Hoc|iPhoneSimulator.Deploy.0 = Release|Any CPU
		{E6637B51-3590-41F6-B42F-052B61FD0D58}.Ad-Hoc|x86.ActiveCfg = Release|Any CPU
		{E6637B51-3590-41F6-B42F-052B61FD0D58}.Ad-Hoc|x86.Build.0 = Release|Any CPU
		{E6637B51-3590-41F6-B42F-052B61FD0D58}.Ad-Hoc|x86.Deploy.0 = Release|Any CPU
		{E6637B51-3590-41F6-B42F-052B61FD0D58}.AppStore|Any CPU.ActiveCfg = Release|Any CPU
		{E6637B51-3590-41F6-B42F-052B61FD0D58}.AppStore|Any CPU.Build.0 = Release|Any CPU
		{E6637B51-3590-41F6-B42F-052B61FD0D58}.AppStore|Any CPU.Deploy.0 = Release|Any CPU
		{E6637B51-3590-41F6-B42F-052B61FD0D58}.AppStore|ARM.ActiveCfg = Release|Any CPU
		{E6637B51-3590-41F6-B42F-052B61FD0D58}.AppStore|ARM.Build.0 = Release|Any CPU
		{E6637B51-3590-41F6-B42F-052B61FD0D58}.AppStore|ARM.Deploy.0 = Release|Any CPU
		{E6637B51-3590-41F6-B42F-052B61FD0D58}.AppStore|iPhone.ActiveCfg = Release|Any CPU
		{E6637B51-3590-41F6-B42F-052B61FD0D58}.AppStore|iPhone.Build.0 = Release|Any CPU
		{E6637B51-3590-41F6-B42F-052B61FD0D58}.AppStore|iPhone.Deploy.0 = Release|Any CPU
		{E6637B51-3590-41F6-B42F-052B61FD0D58}.AppStore|iPhoneSimulator.ActiveCfg = Release|Any CPU
		{E6637B51-3590-41F6-B42F-052B61FD0D58}.AppStore|iPhoneSimulator.Build.0 = Release|Any CPU
		{E6637B51-3590-41F6-B42F-052B61FD0D58}.AppStore|iPhoneSimulator.Deploy.0 = Release|Any CPU
		{E6637B51-3590-41F6-B42F-052B61FD0D58}.AppStore|x86.ActiveCfg = Release|Any CPU
		{E6637B51-3590-41F6-B42F-052B61FD0D58}.AppStore|x86.Build.0 = Release|Any CPU
		{E6637B51-3590-41F6-B42F-052B61FD0D58}.AppStore|x86.Deploy.0 = Release|Any CPU
		{E6637B51-3590-41F6-B42F-052B61FD0D58}.Debug|Any CPU.ActiveCfg = Debug|Any CPU
		{E6637B51-3590-41F6-B42F-052B61FD0D58}.Debug|Any CPU.Build.0 = Debug|Any CPU
		{E6637B51-3590-41F6-B42F-052B61FD0D58}.Debug|Any CPU.Deploy.0 = Debug|Any CPU
		{E6637B51-3590-41F6-B42F-052B61FD0D58}.Debug|ARM.ActiveCfg = Debug|Any CPU
		{E6637B51-3590-41F6-B42F-052B61FD0D58}.Debug|ARM.Build.0 = Debug|Any CPU
		{E6637B51-3590-41F6-B42F-052B61FD0D58}.Debug|ARM.Deploy.0 = Debug|Any CPU
		{E6637B51-3590-41F6-B42F-052B61FD0D58}.Debug|iPhone.ActiveCfg = Debug|Any CPU
		{E6637B51-3590-41F6-B42F-052B61FD0D58}.Debug|iPhone.Build.0 = Debug|Any CPU
		{E6637B51-3590-41F6-B42F-052B61FD0D58}.Debug|iPhone.Deploy.0 = Debug|Any CPU
		{E6637B51-3590-41F6-B42F-052B61FD0D58}.Debug|iPhoneSimulator.ActiveCfg = Debug|Any CPU
		{E6637B51-3590-41F6-B42F-052B61FD0D58}.Debug|iPhoneSimulator.Build.0 = Debug|Any CPU
		{E6637B51-3590-41F6-B42F-052B61FD0D58}.Debug|iPhoneSimulator.Deploy.0 = Debug|Any CPU
		{E6637B51-3590-41F6-B42F-052B61FD0D58}.Debug|x86.ActiveCfg = Debug|Any CPU
		{E6637B51-3590-41F6-B42F-052B61FD0D58}.Debug|x86.Build.0 = Debug|Any CPU
		{E6637B51-3590-41F6-B42F-052B61FD0D58}.Debug|x86.Deploy.0 = Debug|Any CPU
		{E6637B51-3590-41F6-B42F-052B61FD0D58}.Release|Any CPU.ActiveCfg = Release|Any CPU
		{E6637B51-3590-41F6-B42F-052B61FD0D58}.Release|Any CPU.Build.0 = Release|Any CPU
		{E6637B51-3590-41F6-B42F-052B61FD0D58}.Release|Any CPU.Deploy.0 = Release|Any CPU
		{E6637B51-3590-41F6-B42F-052B61FD0D58}.Release|ARM.ActiveCfg = Release|Any CPU
		{E6637B51-3590-41F6-B42F-052B61FD0D58}.Release|ARM.Build.0 = Release|Any CPU
		{E6637B51-3590-41F6-B42F-052B61FD0D58}.Release|ARM.Deploy.0 = Release|Any CPU
		{E6637B51-3590-41F6-B42F-052B61FD0D58}.Release|iPhone.ActiveCfg = Release|Any CPU
		{E6637B51-3590-41F6-B42F-052B61FD0D58}.Release|iPhone.Build.0 = Release|Any CPU
		{E6637B51-3590-41F6-B42F-052B61FD0D58}.Release|iPhone.Deploy.0 = Release|Any CPU
		{E6637B51-3590-41F6-B42F-052B61FD0D58}.Release|iPhoneSimulator.ActiveCfg = Release|Any CPU
		{E6637B51-3590-41F6-B42F-052B61FD0D58}.Release|iPhoneSimulator.Build.0 = Release|Any CPU
		{E6637B51-3590-41F6-B42F-052B61FD0D58}.Release|iPhoneSimulator.Deploy.0 = Release|Any CPU
		{E6637B51-3590-41F6-B42F-052B61FD0D58}.Release|x86.ActiveCfg = Release|Any CPU
		{E6637B51-3590-41F6-B42F-052B61FD0D58}.Release|x86.Build.0 = Release|Any CPU
		{E6637B51-3590-41F6-B42F-052B61FD0D58}.Release|x86.Deploy.0 = Release|Any CPU
		{CD41B456-ABD7-4C20-AB08-E4B18F13E5CF}.Ad-Hoc|Any CPU.ActiveCfg = Ad-Hoc|iPhone
		{CD41B456-ABD7-4C20-AB08-E4B18F13E5CF}.Ad-Hoc|ARM.ActiveCfg = Ad-Hoc|iPhone
		{CD41B456-ABD7-4C20-AB08-E4B18F13E5CF}.Ad-Hoc|iPhone.ActiveCfg = Ad-Hoc|iPhone
		{CD41B456-ABD7-4C20-AB08-E4B18F13E5CF}.Ad-Hoc|iPhone.Build.0 = Ad-Hoc|iPhone
		{CD41B456-ABD7-4C20-AB08-E4B18F13E5CF}.Ad-Hoc|iPhoneSimulator.ActiveCfg = Ad-Hoc|iPhoneSimulator
		{CD41B456-ABD7-4C20-AB08-E4B18F13E5CF}.Ad-Hoc|iPhoneSimulator.Build.0 = Ad-Hoc|iPhoneSimulator
		{CD41B456-ABD7-4C20-AB08-E4B18F13E5CF}.Ad-Hoc|x86.ActiveCfg = Ad-Hoc|iPhone
		{CD41B456-ABD7-4C20-AB08-E4B18F13E5CF}.AppStore|Any CPU.ActiveCfg = AppStore|iPhone
		{CD41B456-ABD7-4C20-AB08-E4B18F13E5CF}.AppStore|ARM.ActiveCfg = AppStore|iPhone
		{CD41B456-ABD7-4C20-AB08-E4B18F13E5CF}.AppStore|iPhone.ActiveCfg = AppStore|iPhone
		{CD41B456-ABD7-4C20-AB08-E4B18F13E5CF}.AppStore|iPhone.Build.0 = AppStore|iPhone
		{CD41B456-ABD7-4C20-AB08-E4B18F13E5CF}.AppStore|iPhoneSimulator.ActiveCfg = AppStore|iPhoneSimulator
		{CD41B456-ABD7-4C20-AB08-E4B18F13E5CF}.AppStore|iPhoneSimulator.Build.0 = AppStore|iPhoneSimulator
		{CD41B456-ABD7-4C20-AB08-E4B18F13E5CF}.AppStore|x86.ActiveCfg = AppStore|iPhone
		{CD41B456-ABD7-4C20-AB08-E4B18F13E5CF}.Debug|Any CPU.ActiveCfg = Debug|iPhone
		{CD41B456-ABD7-4C20-AB08-E4B18F13E5CF}.Debug|ARM.ActiveCfg = Debug|iPhone
		{CD41B456-ABD7-4C20-AB08-E4B18F13E5CF}.Debug|iPhone.ActiveCfg = Debug|iPhone
		{CD41B456-ABD7-4C20-AB08-E4B18F13E5CF}.Debug|iPhone.Build.0 = Debug|iPhone
		{CD41B456-ABD7-4C20-AB08-E4B18F13E5CF}.Debug|iPhoneSimulator.ActiveCfg = Debug|iPhoneSimulator
		{CD41B456-ABD7-4C20-AB08-E4B18F13E5CF}.Debug|iPhoneSimulator.Build.0 = Debug|iPhoneSimulator
		{CD41B456-ABD7-4C20-AB08-E4B18F13E5CF}.Debug|x86.ActiveCfg = Debug|iPhone
		{CD41B456-ABD7-4C20-AB08-E4B18F13E5CF}.Release|Any CPU.ActiveCfg = Release|iPhone
		{CD41B456-ABD7-4C20-AB08-E4B18F13E5CF}.Release|ARM.ActiveCfg = Release|iPhone
		{CD41B456-ABD7-4C20-AB08-E4B18F13E5CF}.Release|iPhone.ActiveCfg = Release|iPhone
		{CD41B456-ABD7-4C20-AB08-E4B18F13E5CF}.Release|iPhone.Build.0 = Release|iPhone
		{CD41B456-ABD7-4C20-AB08-E4B18F13E5CF}.Release|iPhoneSimulator.ActiveCfg = Release|iPhoneSimulator
		{CD41B456-ABD7-4C20-AB08-E4B18F13E5CF}.Release|iPhoneSimulator.Build.0 = Release|iPhoneSimulator
		{CD41B456-ABD7-4C20-AB08-E4B18F13E5CF}.Release|x86.ActiveCfg = Release|iPhone
		{F517C4FE-E1E9-4771-92D8-E4383DBEC45C}.Ad-Hoc|Any CPU.ActiveCfg = Release|Any CPU
		{F517C4FE-E1E9-4771-92D8-E4383DBEC45C}.Ad-Hoc|Any CPU.Build.0 = Release|Any CPU
		{F517C4FE-E1E9-4771-92D8-E4383DBEC45C}.Ad-Hoc|Any CPU.Deploy.0 = Release|Any CPU
		{F517C4FE-E1E9-4771-92D8-E4383DBEC45C}.Ad-Hoc|ARM.ActiveCfg = Release|ARM
		{F517C4FE-E1E9-4771-92D8-E4383DBEC45C}.Ad-Hoc|ARM.Build.0 = Release|ARM
		{F517C4FE-E1E9-4771-92D8-E4383DBEC45C}.Ad-Hoc|ARM.Deploy.0 = Release|ARM
		{F517C4FE-E1E9-4771-92D8-E4383DBEC45C}.Ad-Hoc|iPhone.ActiveCfg = Release|Any CPU
		{F517C4FE-E1E9-4771-92D8-E4383DBEC45C}.Ad-Hoc|iPhone.Build.0 = Release|Any CPU
		{F517C4FE-E1E9-4771-92D8-E4383DBEC45C}.Ad-Hoc|iPhone.Deploy.0 = Release|Any CPU
		{F517C4FE-E1E9-4771-92D8-E4383DBEC45C}.Ad-Hoc|iPhoneSimulator.ActiveCfg = Release|Any CPU
		{F517C4FE-E1E9-4771-92D8-E4383DBEC45C}.Ad-Hoc|iPhoneSimulator.Build.0 = Release|Any CPU
		{F517C4FE-E1E9-4771-92D8-E4383DBEC45C}.Ad-Hoc|iPhoneSimulator.Deploy.0 = Release|Any CPU
		{F517C4FE-E1E9-4771-92D8-E4383DBEC45C}.Ad-Hoc|x86.ActiveCfg = Release|x86
		{F517C4FE-E1E9-4771-92D8-E4383DBEC45C}.Ad-Hoc|x86.Build.0 = Release|x86
		{F517C4FE-E1E9-4771-92D8-E4383DBEC45C}.Ad-Hoc|x86.Deploy.0 = Release|x86
		{F517C4FE-E1E9-4771-92D8-E4383DBEC45C}.AppStore|Any CPU.ActiveCfg = Release|Any CPU
		{F517C4FE-E1E9-4771-92D8-E4383DBEC45C}.AppStore|Any CPU.Build.0 = Release|Any CPU
		{F517C4FE-E1E9-4771-92D8-E4383DBEC45C}.AppStore|Any CPU.Deploy.0 = Release|Any CPU
		{F517C4FE-E1E9-4771-92D8-E4383DBEC45C}.AppStore|ARM.ActiveCfg = Release|ARM
		{F517C4FE-E1E9-4771-92D8-E4383DBEC45C}.AppStore|ARM.Build.0 = Release|ARM
		{F517C4FE-E1E9-4771-92D8-E4383DBEC45C}.AppStore|ARM.Deploy.0 = Release|ARM
		{F517C4FE-E1E9-4771-92D8-E4383DBEC45C}.AppStore|iPhone.ActiveCfg = Release|Any CPU
		{F517C4FE-E1E9-4771-92D8-E4383DBEC45C}.AppStore|iPhone.Build.0 = Release|Any CPU
		{F517C4FE-E1E9-4771-92D8-E4383DBEC45C}.AppStore|iPhone.Deploy.0 = Release|Any CPU
		{F517C4FE-E1E9-4771-92D8-E4383DBEC45C}.AppStore|iPhoneSimulator.ActiveCfg = Release|Any CPU
		{F517C4FE-E1E9-4771-92D8-E4383DBEC45C}.AppStore|iPhoneSimulator.Build.0 = Release|Any CPU
		{F517C4FE-E1E9-4771-92D8-E4383DBEC45C}.AppStore|iPhoneSimulator.Deploy.0 = Release|Any CPU
		{F517C4FE-E1E9-4771-92D8-E4383DBEC45C}.AppStore|x86.ActiveCfg = Release|x86
		{F517C4FE-E1E9-4771-92D8-E4383DBEC45C}.AppStore|x86.Build.0 = Release|x86
		{F517C4FE-E1E9-4771-92D8-E4383DBEC45C}.AppStore|x86.Deploy.0 = Release|x86
		{F517C4FE-E1E9-4771-92D8-E4383DBEC45C}.Debug|Any CPU.ActiveCfg = Debug|Any CPU
		{F517C4FE-E1E9-4771-92D8-E4383DBEC45C}.Debug|Any CPU.Build.0 = Debug|Any CPU
		{F517C4FE-E1E9-4771-92D8-E4383DBEC45C}.Debug|Any CPU.Deploy.0 = Debug|Any CPU
		{F517C4FE-E1E9-4771-92D8-E4383DBEC45C}.Debug|ARM.ActiveCfg = Debug|ARM
		{F517C4FE-E1E9-4771-92D8-E4383DBEC45C}.Debug|ARM.Build.0 = Debug|ARM
		{F517C4FE-E1E9-4771-92D8-E4383DBEC45C}.Debug|ARM.Deploy.0 = Debug|ARM
		{F517C4FE-E1E9-4771-92D8-E4383DBEC45C}.Debug|iPhone.ActiveCfg = Debug|Any CPU
		{F517C4FE-E1E9-4771-92D8-E4383DBEC45C}.Debug|iPhone.Build.0 = Debug|Any CPU
		{F517C4FE-E1E9-4771-92D8-E4383DBEC45C}.Debug|iPhone.Deploy.0 = Debug|Any CPU
		{F517C4FE-E1E9-4771-92D8-E4383DBEC45C}.Debug|iPhoneSimulator.ActiveCfg = Debug|Any CPU
		{F517C4FE-E1E9-4771-92D8-E4383DBEC45C}.Debug|iPhoneSimulator.Build.0 = Debug|Any CPU
		{F517C4FE-E1E9-4771-92D8-E4383DBEC45C}.Debug|iPhoneSimulator.Deploy.0 = Debug|Any CPU
		{F517C4FE-E1E9-4771-92D8-E4383DBEC45C}.Debug|x86.ActiveCfg = Debug|x86
		{F517C4FE-E1E9-4771-92D8-E4383DBEC45C}.Debug|x86.Build.0 = Debug|x86
		{F517C4FE-E1E9-4771-92D8-E4383DBEC45C}.Debug|x86.Deploy.0 = Debug|x86
		{F517C4FE-E1E9-4771-92D8-E4383DBEC45C}.Release|Any CPU.ActiveCfg = Release|Any CPU
		{F517C4FE-E1E9-4771-92D8-E4383DBEC45C}.Release|Any CPU.Build.0 = Release|Any CPU
		{F517C4FE-E1E9-4771-92D8-E4383DBEC45C}.Release|Any CPU.Deploy.0 = Release|Any CPU
		{F517C4FE-E1E9-4771-92D8-E4383DBEC45C}.Release|ARM.ActiveCfg = Release|ARM
		{F517C4FE-E1E9-4771-92D8-E4383DBEC45C}.Release|ARM.Build.0 = Release|ARM
		{F517C4FE-E1E9-4771-92D8-E4383DBEC45C}.Release|ARM.Deploy.0 = Release|ARM
		{F517C4FE-E1E9-4771-92D8-E4383DBEC45C}.Release|iPhone.ActiveCfg = Release|Any CPU
		{F517C4FE-E1E9-4771-92D8-E4383DBEC45C}.Release|iPhone.Build.0 = Release|Any CPU
		{F517C4FE-E1E9-4771-92D8-E4383DBEC45C}.Release|iPhone.Deploy.0 = Release|Any CPU
		{F517C4FE-E1E9-4771-92D8-E4383DBEC45C}.Release|iPhoneSimulator.ActiveCfg = Release|Any CPU
		{F517C4FE-E1E9-4771-92D8-E4383DBEC45C}.Release|iPhoneSimulator.Build.0 = Release|Any CPU
		{F517C4FE-E1E9-4771-92D8-E4383DBEC45C}.Release|iPhoneSimulator.Deploy.0 = Release|Any CPU
		{F517C4FE-E1E9-4771-92D8-E4383DBEC45C}.Release|x86.ActiveCfg = Release|x86
		{F517C4FE-E1E9-4771-92D8-E4383DBEC45C}.Release|x86.Build.0 = Release|x86
		{F517C4FE-E1E9-4771-92D8-E4383DBEC45C}.Release|x86.Deploy.0 = Release|x86
		{F5FE59CD-10C2-48D7-B5D5-8EE1B000BC38}.Ad-Hoc|Any CPU.ActiveCfg = Release|Any CPU
		{F5FE59CD-10C2-48D7-B5D5-8EE1B000BC38}.Ad-Hoc|Any CPU.Build.0 = Release|Any CPU
		{F5FE59CD-10C2-48D7-B5D5-8EE1B000BC38}.Ad-Hoc|ARM.ActiveCfg = Release|Any CPU
		{F5FE59CD-10C2-48D7-B5D5-8EE1B000BC38}.Ad-Hoc|ARM.Build.0 = Release|Any CPU
		{F5FE59CD-10C2-48D7-B5D5-8EE1B000BC38}.Ad-Hoc|iPhone.ActiveCfg = Release|Any CPU
		{F5FE59CD-10C2-48D7-B5D5-8EE1B000BC38}.Ad-Hoc|iPhone.Build.0 = Release|Any CPU
		{F5FE59CD-10C2-48D7-B5D5-8EE1B000BC38}.Ad-Hoc|iPhoneSimulator.ActiveCfg = Release|Any CPU
		{F5FE59CD-10C2-48D7-B5D5-8EE1B000BC38}.Ad-Hoc|iPhoneSimulator.Build.0 = Release|Any CPU
		{F5FE59CD-10C2-48D7-B5D5-8EE1B000BC38}.Ad-Hoc|x86.ActiveCfg = Release|Any CPU
		{F5FE59CD-10C2-48D7-B5D5-8EE1B000BC38}.Ad-Hoc|x86.Build.0 = Release|Any CPU
		{F5FE59CD-10C2-48D7-B5D5-8EE1B000BC38}.AppStore|Any CPU.ActiveCfg = Release|Any CPU
		{F5FE59CD-10C2-48D7-B5D5-8EE1B000BC38}.AppStore|Any CPU.Build.0 = Release|Any CPU
		{F5FE59CD-10C2-48D7-B5D5-8EE1B000BC38}.AppStore|ARM.ActiveCfg = Release|Any CPU
		{F5FE59CD-10C2-48D7-B5D5-8EE1B000BC38}.AppStore|ARM.Build.0 = Release|Any CPU
		{F5FE59CD-10C2-48D7-B5D5-8EE1B000BC38}.AppStore|iPhone.ActiveCfg = Release|Any CPU
		{F5FE59CD-10C2-48D7-B5D5-8EE1B000BC38}.AppStore|iPhone.Build.0 = Release|Any CPU
		{F5FE59CD-10C2-48D7-B5D5-8EE1B000BC38}.AppStore|iPhoneSimulator.ActiveCfg = Release|Any CPU
		{F5FE59CD-10C2-48D7-B5D5-8EE1B000BC38}.AppStore|iPhoneSimulator.Build.0 = Release|Any CPU
		{F5FE59CD-10C2-48D7-B5D5-8EE1B000BC38}.AppStore|x86.ActiveCfg = Release|Any CPU
		{F5FE59CD-10C2-48D7-B5D5-8EE1B000BC38}.AppStore|x86.Build.0 = Release|Any CPU
		{F5FE59CD-10C2-48D7-B5D5-8EE1B000BC38}.Debug|Any CPU.ActiveCfg = Debug|Any CPU
		{F5FE59CD-10C2-48D7-B5D5-8EE1B000BC38}.Debug|Any CPU.Build.0 = Debug|Any CPU
		{F5FE59CD-10C2-48D7-B5D5-8EE1B000BC38}.Debug|ARM.ActiveCfg = Debug|Any CPU
		{F5FE59CD-10C2-48D7-B5D5-8EE1B000BC38}.Debug|ARM.Build.0 = Debug|Any CPU
		{F5FE59CD-10C2-48D7-B5D5-8EE1B000BC38}.Debug|iPhone.ActiveCfg = Debug|Any CPU
		{F5FE59CD-10C2-48D7-B5D5-8EE1B000BC38}.Debug|iPhone.Build.0 = Debug|Any CPU
		{F5FE59CD-10C2-48D7-B5D5-8EE1B000BC38}.Debug|iPhoneSimulator.ActiveCfg = Debug|Any CPU
		{F5FE59CD-10C2-48D7-B5D5-8EE1B000BC38}.Debug|iPhoneSimulator.Build.0 = Debug|Any CPU
		{F5FE59CD-10C2-48D7-B5D5-8EE1B000BC38}.Debug|x86.ActiveCfg = Debug|Any CPU
		{F5FE59CD-10C2-48D7-B5D5-8EE1B000BC38}.Debug|x86.Build.0 = Debug|Any CPU
		{F5FE59CD-10C2-48D7-B5D5-8EE1B000BC38}.Release|Any CPU.ActiveCfg = Release|Any CPU
		{F5FE59CD-10C2-48D7-B5D5-8EE1B000BC38}.Release|Any CPU.Build.0 = Release|Any CPU
		{F5FE59CD-10C2-48D7-B5D5-8EE1B000BC38}.Release|ARM.ActiveCfg = Release|Any CPU
		{F5FE59CD-10C2-48D7-B5D5-8EE1B000BC38}.Release|ARM.Build.0 = Release|Any CPU
		{F5FE59CD-10C2-48D7-B5D5-8EE1B000BC38}.Release|iPhone.ActiveCfg = Release|Any CPU
		{F5FE59CD-10C2-48D7-B5D5-8EE1B000BC38}.Release|iPhone.Build.0 = Release|Any CPU
		{F5FE59CD-10C2-48D7-B5D5-8EE1B000BC38}.Release|iPhoneSimulator.ActiveCfg = Release|Any CPU
		{F5FE59CD-10C2-48D7-B5D5-8EE1B000BC38}.Release|iPhoneSimulator.Build.0 = Release|Any CPU
		{F5FE59CD-10C2-48D7-B5D5-8EE1B000BC38}.Release|x86.ActiveCfg = Release|Any CPU
		{F5FE59CD-10C2-48D7-B5D5-8EE1B000BC38}.Release|x86.Build.0 = Release|Any CPU
		{5E9DAA0B-7174-4877-B2BB-0C37C746C336}.Ad-Hoc|Any CPU.ActiveCfg = Release|Any CPU
		{5E9DAA0B-7174-4877-B2BB-0C37C746C336}.Ad-Hoc|Any CPU.Build.0 = Release|Any CPU
		{5E9DAA0B-7174-4877-B2BB-0C37C746C336}.Ad-Hoc|ARM.ActiveCfg = Release|Any CPU
		{5E9DAA0B-7174-4877-B2BB-0C37C746C336}.Ad-Hoc|ARM.Build.0 = Release|Any CPU
		{5E9DAA0B-7174-4877-B2BB-0C37C746C336}.Ad-Hoc|iPhone.ActiveCfg = Release|Any CPU
		{5E9DAA0B-7174-4877-B2BB-0C37C746C336}.Ad-Hoc|iPhone.Build.0 = Release|Any CPU
		{5E9DAA0B-7174-4877-B2BB-0C37C746C336}.Ad-Hoc|iPhoneSimulator.ActiveCfg = Release|Any CPU
		{5E9DAA0B-7174-4877-B2BB-0C37C746C336}.Ad-Hoc|iPhoneSimulator.Build.0 = Release|Any CPU
		{5E9DAA0B-7174-4877-B2BB-0C37C746C336}.Ad-Hoc|x86.ActiveCfg = Release|Any CPU
		{5E9DAA0B-7174-4877-B2BB-0C37C746C336}.Ad-Hoc|x86.Build.0 = Release|Any CPU
		{5E9DAA0B-7174-4877-B2BB-0C37C746C336}.AppStore|Any CPU.ActiveCfg = Release|Any CPU
		{5E9DAA0B-7174-4877-B2BB-0C37C746C336}.AppStore|Any CPU.Build.0 = Release|Any CPU
		{5E9DAA0B-7174-4877-B2BB-0C37C746C336}.AppStore|ARM.ActiveCfg = Release|Any CPU
		{5E9DAA0B-7174-4877-B2BB-0C37C746C336}.AppStore|ARM.Build.0 = Release|Any CPU
		{5E9DAA0B-7174-4877-B2BB-0C37C746C336}.AppStore|iPhone.ActiveCfg = Release|Any CPU
		{5E9DAA0B-7174-4877-B2BB-0C37C746C336}.AppStore|iPhone.Build.0 = Release|Any CPU
		{5E9DAA0B-7174-4877-B2BB-0C37C746C336}.AppStore|iPhoneSimulator.ActiveCfg = Release|Any CPU
		{5E9DAA0B-7174-4877-B2BB-0C37C746C336}.AppStore|iPhoneSimulator.Build.0 = Release|Any CPU
		{5E9DAA0B-7174-4877-B2BB-0C37C746C336}.AppStore|x86.ActiveCfg = Release|Any CPU
		{5E9DAA0B-7174-4877-B2BB-0C37C746C336}.AppStore|x86.Build.0 = Release|Any CPU
		{5E9DAA0B-7174-4877-B2BB-0C37C746C336}.Debug|Any CPU.ActiveCfg = Debug|Any CPU
		{5E9DAA0B-7174-4877-B2BB-0C37C746C336}.Debug|Any CPU.Build.0 = Debug|Any CPU
		{5E9DAA0B-7174-4877-B2BB-0C37C746C336}.Debug|ARM.ActiveCfg = Debug|Any CPU
		{5E9DAA0B-7174-4877-B2BB-0C37C746C336}.Debug|ARM.Build.0 = Debug|Any CPU
		{5E9DAA0B-7174-4877-B2BB-0C37C746C336}.Debug|iPhone.ActiveCfg = Debug|Any CPU
		{5E9DAA0B-7174-4877-B2BB-0C37C746C336}.Debug|iPhone.Build.0 = Debug|Any CPU
		{5E9DAA0B-7174-4877-B2BB-0C37C746C336}.Debug|iPhoneSimulator.ActiveCfg = Debug|Any CPU
		{5E9DAA0B-7174-4877-B2BB-0C37C746C336}.Debug|iPhoneSimulator.Build.0 = Debug|Any CPU
		{5E9DAA0B-7174-4877-B2BB-0C37C746C336}.Debug|x86.ActiveCfg = Debug|Any CPU
		{5E9DAA0B-7174-4877-B2BB-0C37C746C336}.Debug|x86.Build.0 = Debug|Any CPU
		{5E9DAA0B-7174-4877-B2BB-0C37C746C336}.Release|Any CPU.ActiveCfg = Release|Any CPU
		{5E9DAA0B-7174-4877-B2BB-0C37C746C336}.Release|Any CPU.Build.0 = Release|Any CPU
		{5E9DAA0B-7174-4877-B2BB-0C37C746C336}.Release|ARM.ActiveCfg = Release|Any CPU
		{5E9DAA0B-7174-4877-B2BB-0C37C746C336}.Release|ARM.Build.0 = Release|Any CPU
		{5E9DAA0B-7174-4877-B2BB-0C37C746C336}.Release|iPhone.ActiveCfg = Release|Any CPU
		{5E9DAA0B-7174-4877-B2BB-0C37C746C336}.Release|iPhone.Build.0 = Release|Any CPU
		{5E9DAA0B-7174-4877-B2BB-0C37C746C336}.Release|iPhoneSimulator.ActiveCfg = Release|Any CPU
		{5E9DAA0B-7174-4877-B2BB-0C37C746C336}.Release|iPhoneSimulator.Build.0 = Release|Any CPU
		{5E9DAA0B-7174-4877-B2BB-0C37C746C336}.Release|x86.ActiveCfg = Release|Any CPU
		{5E9DAA0B-7174-4877-B2BB-0C37C746C336}.Release|x86.Build.0 = Release|Any CPU
	EndGlobalSection
	GlobalSection(SolutionProperties) = preSolution
		HideSolutionNode = FALSE
	EndGlobalSection
EndGlobal
